// !$*UTF8*$!
{
	archiveVersion = 1;
	classes = {
	};
	objectVersion = 46;
	objects = {

/* Begin PBXBuildFile section */
		5D06ADF41F402984007F4565 /* README.md in Sources */ = {isa = PBXBuildFile; fileRef = 5D06ADF31F402984007F4565 /* README.md */; };
		5D06ADFA1F403729007F4565 /* KOCacheFile.m in Sources */ = {isa = PBXBuildFile; fileRef = 5D06ADF71F403729007F4565 /* KOCacheFile.m */; };
		5D06ADFB1F403729007F4565 /* KOCacheFileManger.m in Sources */ = {isa = PBXBuildFile; fileRef = 5D06ADF91F403729007F4565 /* KOCacheFileManger.m */; };
		5DD343F71F370F84006A1EEC /* main.m in Sources */ = {isa = PBXBuildFile; fileRef = 5DD343F61F370F84006A1EEC /* main.m */; };
		5DD343FA1F370F84006A1EEC /* AppDelegate.m in Sources */ = {isa = PBXBuildFile; fileRef = 5DD343F91F370F84006A1EEC /* AppDelegate.m */; };
		5DD343FD1F370F84006A1EEC /* ViewController.m in Sources */ = {isa = PBXBuildFile; fileRef = 5DD343FC1F370F84006A1EEC /* ViewController.m */; };
		5DD344001F370F84006A1EEC /* Main.storyboard in Resources */ = {isa = PBXBuildFile; fileRef = 5DD343FE1F370F84006A1EEC /* Main.storyboard */; };
		5DD344021F370F84006A1EEC /* Assets.xcassets in Resources */ = {isa = PBXBuildFile; fileRef = 5DD344011F370F84006A1EEC /* Assets.xcassets */; };
		5DD344051F370F84006A1EEC /* LaunchScreen.storyboard in Resources */ = {isa = PBXBuildFile; fileRef = 5DD344031F370F84006A1EEC /* LaunchScreen.storyboard */; };
		5DD344101F370F84006A1EEC /* KOCacheFileManageDemoTests.m in Sources */ = {isa = PBXBuildFile; fileRef = 5DD3440F1F370F84006A1EEC /* KOCacheFileManageDemoTests.m */; };
		5DD3441B1F370F84006A1EEC /* KOCacheFileManageDemoUITests.m in Sources */ = {isa = PBXBuildFile; fileRef = 5DD3441A1F370F84006A1EEC /* KOCacheFileManageDemoUITests.m */; };
		5DD407F71F377DE20077CE56 /* 1.jpg in Resources */ = {isa = PBXBuildFile; fileRef = 5DD407DE1F377DE20077CE56 /* 1.jpg */; };
		5DD407F81F377DE20077CE56 /* 10.jpg in Resources */ = {isa = PBXBuildFile; fileRef = 5DD407DF1F377DE20077CE56 /* 10.jpg */; };
		5DD407F91F377DE20077CE56 /* 11.jpg in Resources */ = {isa = PBXBuildFile; fileRef = 5DD407E01F377DE20077CE56 /* 11.jpg */; };
		5DD407FA1F377DE20077CE56 /* 12.jpg in Resources */ = {isa = PBXBuildFile; fileRef = 5DD407E11F377DE20077CE56 /* 12.jpg */; };
		5DD407FB1F377DE20077CE56 /* 13.jpg in Resources */ = {isa = PBXBuildFile; fileRef = 5DD407E21F377DE20077CE56 /* 13.jpg */; };
		5DD407FC1F377DE20077CE56 /* 14.jpg in Resources */ = {isa = PBXBuildFile; fileRef = 5DD407E31F377DE20077CE56 /* 14.jpg */; };
		5DD407FD1F377DE20077CE56 /* 15.jpg in Resources */ = {isa = PBXBuildFile; fileRef = 5DD407E41F377DE20077CE56 /* 15.jpg */; };
		5DD407FE1F377DE20077CE56 /* 16.jpg in Resources */ = {isa = PBXBuildFile; fileRef = 5DD407E51F377DE20077CE56 /* 16.jpg */; };
		5DD407FF1F377DE20077CE56 /* 17.jpg in Resources */ = {isa = PBXBuildFile; fileRef = 5DD407E61F377DE20077CE56 /* 17.jpg */; };
		5DD408001F377DE20077CE56 /* 18.jpg in Resources */ = {isa = PBXBuildFile; fileRef = 5DD407E71F377DE20077CE56 /* 18.jpg */; };
		5DD408011F377DE20077CE56 /* 19.jpg in Resources */ = {isa = PBXBuildFile; fileRef = 5DD407E81F377DE20077CE56 /* 19.jpg */; };
		5DD408021F377DE20077CE56 /* 2.jpg in Resources */ = {isa = PBXBuildFile; fileRef = 5DD407E91F377DE20077CE56 /* 2.jpg */; };
		5DD408031F377DE20077CE56 /* 20.jpg in Resources */ = {isa = PBXBuildFile; fileRef = 5DD407EA1F377DE20077CE56 /* 20.jpg */; };
		5DD408041F377DE20077CE56 /* 21.jpg in Resources */ = {isa = PBXBuildFile; fileRef = 5DD407EB1F377DE20077CE56 /* 21.jpg */; };
		5DD408051F377DE20077CE56 /* 22.jpg in Resources */ = {isa = PBXBuildFile; fileRef = 5DD407EC1F377DE20077CE56 /* 22.jpg */; };
		5DD408061F377DE20077CE56 /* 23.jpg in Resources */ = {isa = PBXBuildFile; fileRef = 5DD407ED1F377DE20077CE56 /* 23.jpg */; };
		5DD408071F377DE20077CE56 /* 24.jpg in Resources */ = {isa = PBXBuildFile; fileRef = 5DD407EE1F377DE20077CE56 /* 24.jpg */; };
		5DD408081F377DE20077CE56 /* 25.jpg in Resources */ = {isa = PBXBuildFile; fileRef = 5DD407EF1F377DE20077CE56 /* 25.jpg */; };
		5DD408091F377DE20077CE56 /* 3.jpg in Resources */ = {isa = PBXBuildFile; fileRef = 5DD407F01F377DE20077CE56 /* 3.jpg */; };
		5DD4080A1F377DE20077CE56 /* 4.jpg in Resources */ = {isa = PBXBuildFile; fileRef = 5DD407F11F377DE20077CE56 /* 4.jpg */; };
		5DD4080B1F377DE20077CE56 /* 5.jpg in Resources */ = {isa = PBXBuildFile; fileRef = 5DD407F21F377DE20077CE56 /* 5.jpg */; };
		5DD4080C1F377DE20077CE56 /* 6.jpg in Resources */ = {isa = PBXBuildFile; fileRef = 5DD407F31F377DE20077CE56 /* 6.jpg */; };
		5DD4080D1F377DE20077CE56 /* 7.jpg in Resources */ = {isa = PBXBuildFile; fileRef = 5DD407F41F377DE20077CE56 /* 7.jpg */; };
		5DD4080E1F377DE20077CE56 /* 8.jpg in Resources */ = {isa = PBXBuildFile; fileRef = 5DD407F51F377DE20077CE56 /* 8.jpg */; };
		5DD4080F1F377DE20077CE56 /* 9.jpg in Resources */ = {isa = PBXBuildFile; fileRef = 5DD407F61F377DE20077CE56 /* 9.jpg */; };
/* End PBXBuildFile section */

/* Begin PBXContainerItemProxy section */
		5DD3440C1F370F84006A1EEC /* PBXContainerItemProxy */ = {
			isa = PBXContainerItemProxy;
			containerPortal = 5DD343EA1F370F83006A1EEC /* Project object */;
			proxyType = 1;
			remoteGlobalIDString = 5DD343F11F370F83006A1EEC;
			remoteInfo = KOCacheFileManageDemo;
		};
		5DD344171F370F84006A1EEC /* PBXContainerItemProxy */ = {
			isa = PBXContainerItemProxy;
			containerPortal = 5DD343EA1F370F83006A1EEC /* Project object */;
			proxyType = 1;
			remoteGlobalIDString = 5DD343F11F370F83006A1EEC;
			remoteInfo = KOCacheFileManageDemo;
		};
/* End PBXContainerItemProxy section */

/* Begin PBXFileReference section */
		5D06ADF31F402984007F4565 /* README.md */ = {isa = PBXFileReference; fileEncoding = 4; lastKnownFileType = net.daringfireball.markdown; path = README.md; sourceTree = SOURCE_ROOT; };
		5D06ADF61F403729007F4565 /* KOCacheFile.h */ = {isa = PBXFileReference; fileEncoding = 4; lastKnownFileType = sourcecode.c.h; path = KOCacheFile.h; sourceTree = "<group>"; };
		5D06ADF71F403729007F4565 /* KOCacheFile.m */ = {isa = PBXFileReference; fileEncoding = 4; lastKnownFileType = sourcecode.c.objc; path = KOCacheFile.m; sourceTree = "<group>"; };
		5D06ADF81F403729007F4565 /* KOCacheFileManger.h */ = {isa = PBXFileReference; fileEncoding = 4; lastKnownFileType = sourcecode.c.h; path = KOCacheFileManger.h; sourceTree = "<group>"; };
		5D06ADF91F403729007F4565 /* KOCacheFileManger.m */ = {isa = PBXFileReference; fileEncoding = 4; lastKnownFileType = sourcecode.c.objc; path = KOCacheFileManger.m; sourceTree = "<group>"; };
		5DD343F21F370F84006A1EEC /* KOCacheFileManageDemo.app */ = {isa = PBXFileReference; explicitFileType = wrapper.application; includeInIndex = 0; path = KOCacheFileManageDemo.app; sourceTree = BUILT_PRODUCTS_DIR; };
		5DD343F61F370F84006A1EEC /* main.m */ = {isa = PBXFileReference; lastKnownFileType = sourcecode.c.objc; path = main.m; sourceTree = "<group>"; };
		5DD343F81F370F84006A1EEC /* AppDelegate.h */ = {isa = PBXFileReference; lastKnownFileType = sourcecode.c.h; path = AppDelegate.h; sourceTree = "<group>"; };
		5DD343F91F370F84006A1EEC /* AppDelegate.m */ = {isa = PBXFileReference; lastKnownFileType = sourcecode.c.objc; path = AppDelegate.m; sourceTree = "<group>"; };
		5DD343FB1F370F84006A1EEC /* ViewController.h */ = {isa = PBXFileReference; lastKnownFileType = sourcecode.c.h; path = ViewController.h; sourceTree = "<group>"; };
		5DD343FC1F370F84006A1EEC /* ViewController.m */ = {isa = PBXFileReference; lastKnownFileType = sourcecode.c.objc; path = ViewController.m; sourceTree = "<group>"; };
		5DD343FF1F370F84006A1EEC /* Base */ = {isa = PBXFileReference; lastKnownFileType = file.storyboard; name = Base; path = Base.lproj/Main.storyboard; sourceTree = "<group>"; };
		5DD344011F370F84006A1EEC /* Assets.xcassets */ = {isa = PBXFileReference; lastKnownFileType = folder.assetcatalog; path = Assets.xcassets; sourceTree = "<group>"; };
		5DD344041F370F84006A1EEC /* Base */ = {isa = PBXFileReference; lastKnownFileType = file.storyboard; name = Base; path = Base.lproj/LaunchScreen.storyboard; sourceTree = "<group>"; };
		5DD344061F370F84006A1EEC /* Info.plist */ = {isa = PBXFileReference; lastKnownFileType = text.plist.xml; path = Info.plist; sourceTree = "<group>"; };
		5DD3440B1F370F84006A1EEC /* KOCacheFileManageDemoTests.xctest */ = {isa = PBXFileReference; explicitFileType = wrapper.cfbundle; includeInIndex = 0; path = KOCacheFileManageDemoTests.xctest; sourceTree = BUILT_PRODUCTS_DIR; };
		5DD3440F1F370F84006A1EEC /* KOCacheFileManageDemoTests.m */ = {isa = PBXFileReference; lastKnownFileType = sourcecode.c.objc; path = KOCacheFileManageDemoTests.m; sourceTree = "<group>"; };
		5DD344111F370F84006A1EEC /* Info.plist */ = {isa = PBXFileReference; lastKnownFileType = text.plist.xml; path = Info.plist; sourceTree = "<group>"; };
		5DD344161F370F84006A1EEC /* KOCacheFileManageDemoUITests.xctest */ = {isa = PBXFileReference; explicitFileType = wrapper.cfbundle; includeInIndex = 0; path = KOCacheFileManageDemoUITests.xctest; sourceTree = BUILT_PRODUCTS_DIR; };
		5DD3441A1F370F84006A1EEC /* KOCacheFileManageDemoUITests.m */ = {isa = PBXFileReference; lastKnownFileType = sourcecode.c.objc; path = KOCacheFileManageDemoUITests.m; sourceTree = "<group>"; };
		5DD3441C1F370F84006A1EEC /* Info.plist */ = {isa = PBXFileReference; lastKnownFileType = text.plist.xml; path = Info.plist; sourceTree = "<group>"; };
		5DD407DE1F377DE20077CE56 /* 1.jpg */ = {isa = PBXFileReference; lastKnownFileType = image.jpeg; path = 1.jpg; sourceTree = "<group>"; };
		5DD407DF1F377DE20077CE56 /* 10.jpg */ = {isa = PBXFileReference; lastKnownFileType = image.jpeg; path = 10.jpg; sourceTree = "<group>"; };
		5DD407E01F377DE20077CE56 /* 11.jpg */ = {isa = PBXFileReference; lastKnownFileType = image.jpeg; path = 11.jpg; sourceTree = "<group>"; };
		5DD407E11F377DE20077CE56 /* 12.jpg */ = {isa = PBXFileReference; lastKnownFileType = image.jpeg; path = 12.jpg; sourceTree = "<group>"; };
		5DD407E21F377DE20077CE56 /* 13.jpg */ = {isa = PBXFileReference; lastKnownFileType = image.jpeg; path = 13.jpg; sourceTree = "<group>"; };
		5DD407E31F377DE20077CE56 /* 14.jpg */ = {isa = PBXFileReference; lastKnownFileType = image.jpeg; path = 14.jpg; sourceTree = "<group>"; };
		5DD407E41F377DE20077CE56 /* 15.jpg */ = {isa = PBXFileReference; lastKnownFileType = image.jpeg; path = 15.jpg; sourceTree = "<group>"; };
		5DD407E51F377DE20077CE56 /* 16.jpg */ = {isa = PBXFileReference; lastKnownFileType = image.jpeg; path = 16.jpg; sourceTree = "<group>"; };
		5DD407E61F377DE20077CE56 /* 17.jpg */ = {isa = PBXFileReference; lastKnownFileType = image.jpeg; path = 17.jpg; sourceTree = "<group>"; };
		5DD407E71F377DE20077CE56 /* 18.jpg */ = {isa = PBXFileReference; lastKnownFileType = image.jpeg; path = 18.jpg; sourceTree = "<group>"; };
		5DD407E81F377DE20077CE56 /* 19.jpg */ = {isa = PBXFileReference; lastKnownFileType = image.jpeg; path = 19.jpg; sourceTree = "<group>"; };
		5DD407E91F377DE20077CE56 /* 2.jpg */ = {isa = PBXFileReference; lastKnownFileType = image.jpeg; path = 2.jpg; sourceTree = "<group>"; };
		5DD407EA1F377DE20077CE56 /* 20.jpg */ = {isa = PBXFileReference; lastKnownFileType = image.jpeg; path = 20.jpg; sourceTree = "<group>"; };
		5DD407EB1F377DE20077CE56 /* 21.jpg */ = {isa = PBXFileReference; lastKnownFileType = image.jpeg; path = 21.jpg; sourceTree = "<group>"; };
		5DD407EC1F377DE20077CE56 /* 22.jpg */ = {isa = PBXFileReference; lastKnownFileType = image.jpeg; path = 22.jpg; sourceTree = "<group>"; };
		5DD407ED1F377DE20077CE56 /* 23.jpg */ = {isa = PBXFileReference; lastKnownFileType = image.jpeg; path = 23.jpg; sourceTree = "<group>"; };
		5DD407EE1F377DE20077CE56 /* 24.jpg */ = {isa = PBXFileReference; lastKnownFileType = image.jpeg; path = 24.jpg; sourceTree = "<group>"; };
		5DD407EF1F377DE20077CE56 /* 25.jpg */ = {isa = PBXFileReference; lastKnownFileType = image.jpeg; path = 25.jpg; sourceTree = "<group>"; };
		5DD407F01F377DE20077CE56 /* 3.jpg */ = {isa = PBXFileReference; lastKnownFileType = image.jpeg; path = 3.jpg; sourceTree = "<group>"; };
		5DD407F11F377DE20077CE56 /* 4.jpg */ = {isa = PBXFileReference; lastKnownFileType = image.jpeg; path = 4.jpg; sourceTree = "<group>"; };
		5DD407F21F377DE20077CE56 /* 5.jpg */ = {isa = PBXFileReference; lastKnownFileType = image.jpeg; path = 5.jpg; sourceTree = "<group>"; };
		5DD407F31F377DE20077CE56 /* 6.jpg */ = {isa = PBXFileReference; lastKnownFileType = image.jpeg; path = 6.jpg; sourceTree = "<group>"; };
		5DD407F41F377DE20077CE56 /* 7.jpg */ = {isa = PBXFileReference; lastKnownFileType = image.jpeg; path = 7.jpg; sourceTree = "<group>"; };
		5DD407F51F377DE20077CE56 /* 8.jpg */ = {isa = PBXFileReference; lastKnownFileType = image.jpeg; path = 8.jpg; sourceTree = "<group>"; };
		5DD407F61F377DE20077CE56 /* 9.jpg */ = {isa = PBXFileReference; lastKnownFileType = image.jpeg; path = 9.jpg; sourceTree = "<group>"; };
/* End PBXFileReference section */

/* Begin PBXFrameworksBuildPhase section */
		5DD343EF1F370F83006A1EEC /* Frameworks */ = {
			isa = PBXFrameworksBuildPhase;
			buildActionMask = 2147483647;
			files = (
			);
			runOnlyForDeploymentPostprocessing = 0;
		};
		5DD344081F370F84006A1EEC /* Frameworks */ = {
			isa = PBXFrameworksBuildPhase;
			buildActionMask = 2147483647;
			files = (
			);
			runOnlyForDeploymentPostprocessing = 0;
		};
		5DD344131F370F84006A1EEC /* Frameworks */ = {
			isa = PBXFrameworksBuildPhase;
			buildActionMask = 2147483647;
			files = (
			);
			runOnlyForDeploymentPostprocessing = 0;
		};
/* End PBXFrameworksBuildPhase section */

/* Begin PBXGroup section */
		5D06ADF51F403729007F4565 /* CacheFileManage */ = {
			isa = PBXGroup;
			children = (
				5D06ADF61F403729007F4565 /* KOCacheFile.h */,
				5D06ADF71F403729007F4565 /* KOCacheFile.m */,
				5D06ADF81F403729007F4565 /* KOCacheFileManger.h */,
				5D06ADF91F403729007F4565 /* KOCacheFileManger.m */,
			);
			path = CacheFileManage;
			sourceTree = "<group>";
		};
		5DD343E91F370F83006A1EEC = {
			isa = PBXGroup;
			children = (
				5DD343F41F370F84006A1EEC /* KOCacheFileManageDemo */,
				5DD3440E1F370F84006A1EEC /* KOCacheFileManageDemoTests */,
				5DD344191F370F84006A1EEC /* KOCacheFileManageDemoUITests */,
				5DD343F31F370F84006A1EEC /* Products */,
			);
			sourceTree = "<group>";
		};
		5DD343F31F370F84006A1EEC /* Products */ = {
			isa = PBXGroup;
			children = (
				5DD343F21F370F84006A1EEC /* KOCacheFileManageDemo.app */,
				5DD3440B1F370F84006A1EEC /* KOCacheFileManageDemoTests.xctest */,
				5DD344161F370F84006A1EEC /* KOCacheFileManageDemoUITests.xctest */,
			);
			name = Products;
			sourceTree = "<group>";
		};
		5DD343F41F370F84006A1EEC /* KOCacheFileManageDemo */ = {
			isa = PBXGroup;
			children = (
				5D06ADF51F403729007F4565 /* CacheFileManage */,
				5D06ADF31F402984007F4565 /* README.md */,
				5DD343F81F370F84006A1EEC /* AppDelegate.h */,
				5DD343F91F370F84006A1EEC /* AppDelegate.m */,
				5DD344011F370F84006A1EEC /* Assets.xcassets */,
				5DD407DD1F377DE20077CE56 /* Images */,
				5DD344031F370F84006A1EEC /* LaunchScreen.storyboard */,
				5DD343FE1F370F84006A1EEC /* Main.storyboard */,
				5DD343F51F370F84006A1EEC /* Supporting Files */,
				5DD343FB1F370F84006A1EEC /* ViewController.h */,
				5DD343FC1F370F84006A1EEC /* ViewController.m */,
			);
			path = KOCacheFileManageDemo;
			sourceTree = "<group>";
		};
		5DD343F51F370F84006A1EEC /* Supporting Files */ = {
			isa = PBXGroup;
			children = (
				5DD344061F370F84006A1EEC /* Info.plist */,
				5DD343F61F370F84006A1EEC /* main.m */,
			);
			name = "Supporting Files";
			sourceTree = "<group>";
		};
		5DD3440E1F370F84006A1EEC /* KOCacheFileManageDemoTests */ = {
			isa = PBXGroup;
			children = (
				5DD3440F1F370F84006A1EEC /* KOCacheFileManageDemoTests.m */,
				5DD344111F370F84006A1EEC /* Info.plist */,
			);
			path = KOCacheFileManageDemoTests;
			sourceTree = "<group>";
		};
		5DD344191F370F84006A1EEC /* KOCacheFileManageDemoUITests */ = {
			isa = PBXGroup;
			children = (
				5DD3441A1F370F84006A1EEC /* KOCacheFileManageDemoUITests.m */,
				5DD3441C1F370F84006A1EEC /* Info.plist */,
			);
			path = KOCacheFileManageDemoUITests;
			sourceTree = "<group>";
		};
		5DD407DD1F377DE20077CE56 /* Images */ = {
			isa = PBXGroup;
			children = (
				5DD407DE1F377DE20077CE56 /* 1.jpg */,
				5DD407DF1F377DE20077CE56 /* 10.jpg */,
				5DD407E01F377DE20077CE56 /* 11.jpg */,
				5DD407E11F377DE20077CE56 /* 12.jpg */,
				5DD407E21F377DE20077CE56 /* 13.jpg */,
				5DD407E31F377DE20077CE56 /* 14.jpg */,
				5DD407E41F377DE20077CE56 /* 15.jpg */,
				5DD407E51F377DE20077CE56 /* 16.jpg */,
				5DD407E61F377DE20077CE56 /* 17.jpg */,
				5DD407E71F377DE20077CE56 /* 18.jpg */,
				5DD407E81F377DE20077CE56 /* 19.jpg */,
				5DD407E91F377DE20077CE56 /* 2.jpg */,
				5DD407EA1F377DE20077CE56 /* 20.jpg */,
				5DD407EB1F377DE20077CE56 /* 21.jpg */,
				5DD407EC1F377DE20077CE56 /* 22.jpg */,
				5DD407ED1F377DE20077CE56 /* 23.jpg */,
				5DD407EE1F377DE20077CE56 /* 24.jpg */,
				5DD407EF1F377DE20077CE56 /* 25.jpg */,
				5DD407F01F377DE20077CE56 /* 3.jpg */,
				5DD407F11F377DE20077CE56 /* 4.jpg */,
				5DD407F21F377DE20077CE56 /* 5.jpg */,
				5DD407F31F377DE20077CE56 /* 6.jpg */,
				5DD407F41F377DE20077CE56 /* 7.jpg */,
				5DD407F51F377DE20077CE56 /* 8.jpg */,
				5DD407F61F377DE20077CE56 /* 9.jpg */,
			);
			path = Images;
			sourceTree = "<group>";
		};
/* End PBXGroup section */

/* Begin PBXNativeTarget section */
		5DD343F11F370F83006A1EEC /* KOCacheFileManageDemo */ = {
			isa = PBXNativeTarget;
			buildConfigurationList = 5DD3441F1F370F84006A1EEC /* Build configuration list for PBXNativeTarget "KOCacheFileManageDemo" */;
			buildPhases = (
				5DD343EE1F370F83006A1EEC /* Sources */,
				5DD343EF1F370F83006A1EEC /* Frameworks */,
				5DD343F01F370F83006A1EEC /* Resources */,
			);
			buildRules = (
			);
			dependencies = (
			);
			name = KOCacheFileManageDemo;
			productName = KOCacheFileManageDemo;
			productReference = 5DD343F21F370F84006A1EEC /* KOCacheFileManageDemo.app */;
			productType = "com.apple.product-type.application";
		};
		5DD3440A1F370F84006A1EEC /* KOCacheFileManageDemoTests */ = {
			isa = PBXNativeTarget;
			buildConfigurationList = 5DD344221F370F84006A1EEC /* Build configuration list for PBXNativeTarget "KOCacheFileManageDemoTests" */;
			buildPhases = (
				5DD344071F370F84006A1EEC /* Sources */,
				5DD344081F370F84006A1EEC /* Frameworks */,
				5DD344091F370F84006A1EEC /* Resources */,
			);
			buildRules = (
			);
			dependencies = (
				5DD3440D1F370F84006A1EEC /* PBXTargetDependency */,
			);
			name = KOCacheFileManageDemoTests;
			productName = KOCacheFileManageDemoTests;
			productReference = 5DD3440B1F370F84006A1EEC /* KOCacheFileManageDemoTests.xctest */;
			productType = "com.apple.product-type.bundle.unit-test";
		};
		5DD344151F370F84006A1EEC /* KOCacheFileManageDemoUITests */ = {
			isa = PBXNativeTarget;
			buildConfigurationList = 5DD344251F370F84006A1EEC /* Build configuration list for PBXNativeTarget "KOCacheFileManageDemoUITests" */;
			buildPhases = (
				5DD344121F370F84006A1EEC /* Sources */,
				5DD344131F370F84006A1EEC /* Frameworks */,
				5DD344141F370F84006A1EEC /* Resources */,
			);
			buildRules = (
			);
			dependencies = (
				5DD344181F370F84006A1EEC /* PBXTargetDependency */,
			);
			name = KOCacheFileManageDemoUITests;
			productName = KOCacheFileManageDemoUITests;
			productReference = 5DD344161F370F84006A1EEC /* KOCacheFileManageDemoUITests.xctest */;
			productType = "com.apple.product-type.bundle.ui-testing";
		};
/* End PBXNativeTarget section */

/* Begin PBXProject section */
		5DD343EA1F370F83006A1EEC /* Project object */ = {
			isa = PBXProject;
			attributes = {
				CLASSPREFIX = KO;
				LastUpgradeCheck = 0830;
				ORGANIZATIONNAME = Korune;
				TargetAttributes = {
					5DD343F11F370F83006A1EEC = {
						CreatedOnToolsVersion = 8.3.3;
						ProvisioningStyle = Automatic;
					};
					5DD3440A1F370F84006A1EEC = {
						CreatedOnToolsVersion = 8.3.3;
						ProvisioningStyle = Automatic;
						TestTargetID = 5DD343F11F370F83006A1EEC;
					};
					5DD344151F370F84006A1EEC = {
						CreatedOnToolsVersion = 8.3.3;
						ProvisioningStyle = Automatic;
						TestTargetID = 5DD343F11F370F83006A1EEC;
					};
				};
			};
			buildConfigurationList = 5DD343ED1F370F83006A1EEC /* Build configuration list for PBXProject "KOCacheFileManageDemo" */;
			compatibilityVersion = "Xcode 3.2";
			developmentRegion = English;
			hasScannedForEncodings = 0;
			knownRegions = (
				en,
				Base,
			);
			mainGroup = 5DD343E91F370F83006A1EEC;
			productRefGroup = 5DD343F31F370F84006A1EEC /* Products */;
			projectDirPath = "";
			projectRoot = "";
			targets = (
				5DD343F11F370F83006A1EEC /* KOCacheFileManageDemo */,
				5DD3440A1F370F84006A1EEC /* KOCacheFileManageDemoTests */,
				5DD344151F370F84006A1EEC /* KOCacheFileManageDemoUITests */,
			);
		};
/* End PBXProject section */

/* Begin PBXResourcesBuildPhase section */
		5DD343F01F370F83006A1EEC /* Resources */ = {
			isa = PBXResourcesBuildPhase;
			buildActionMask = 2147483647;
			files = (
				5DD408001F377DE20077CE56 /* 18.jpg in Resources */,
				5DD407FC1F377DE20077CE56 /* 14.jpg in Resources */,
				5DD407F81F377DE20077CE56 /* 10.jpg in Resources */,
				5DD407FB1F377DE20077CE56 /* 13.jpg in Resources */,
				5DD4080C1F377DE20077CE56 /* 6.jpg in Resources */,
				5DD344051F370F84006A1EEC /* LaunchScreen.storyboard in Resources */,
				5DD408041F377DE20077CE56 /* 21.jpg in Resources */,
				5DD408081F377DE20077CE56 /* 25.jpg in Resources */,
				5DD407FA1F377DE20077CE56 /* 12.jpg in Resources */,
				5DD4080F1F377DE20077CE56 /* 9.jpg in Resources */,
				5DD407FD1F377DE20077CE56 /* 15.jpg in Resources */,
				5DD4080B1F377DE20077CE56 /* 5.jpg in Resources */,
				5DD408031F377DE20077CE56 /* 20.jpg in Resources */,
				5DD407F71F377DE20077CE56 /* 1.jpg in Resources */,
				5DD408091F377DE20077CE56 /* 3.jpg in Resources */,
				5DD4080A1F377DE20077CE56 /* 4.jpg in Resources */,
				5DD408061F377DE20077CE56 /* 23.jpg in Resources */,
				5DD407FE1F377DE20077CE56 /* 16.jpg in Resources */,
				5DD408011F377DE20077CE56 /* 19.jpg in Resources */,
				5DD407F91F377DE20077CE56 /* 11.jpg in Resources */,
				5DD407FF1F377DE20077CE56 /* 17.jpg in Resources */,
				5DD408071F377DE20077CE56 /* 24.jpg in Resources */,
				5DD4080E1F377DE20077CE56 /* 8.jpg in Resources */,
				5DD408021F377DE20077CE56 /* 2.jpg in Resources */,
				5DD408051F377DE20077CE56 /* 22.jpg in Resources */,
				5DD4080D1F377DE20077CE56 /* 7.jpg in Resources */,
				5DD344021F370F84006A1EEC /* Assets.xcassets in Resources */,
				5DD344001F370F84006A1EEC /* Main.storyboard in Resources */,
			);
			runOnlyForDeploymentPostprocessing = 0;
		};
		5DD344091F370F84006A1EEC /* Resources */ = {
			isa = PBXResourcesBuildPhase;
			buildActionMask = 2147483647;
			files = (
			);
			runOnlyForDeploymentPostprocessing = 0;
		};
		5DD344141F370F84006A1EEC /* Resources */ = {
			isa = PBXResourcesBuildPhase;
			buildActionMask = 2147483647;
			files = (
			);
			runOnlyForDeploymentPostprocessing = 0;
		};
/* End PBXResourcesBuildPhase section */

/* Begin PBXSourcesBuildPhase section */
		5DD343EE1F370F83006A1EEC /* Sources */ = {
			isa = PBXSourcesBuildPhase;
			buildActionMask = 2147483647;
			files = (
				5D06ADF41F402984007F4565 /* README.md in Sources */,
				5DD343FD1F370F84006A1EEC /* ViewController.m in Sources */,
				5D06ADFB1F403729007F4565 /* KOCacheFileManger.m in Sources */,
				5DD343FA1F370F84006A1EEC /* AppDelegate.m in Sources */,
				5DD343F71F370F84006A1EEC /* main.m in Sources */,
				5D06ADFA1F403729007F4565 /* KOCacheFile.m in Sources */,
			);
			runOnlyForDeploymentPostprocessing = 0;
		};
		5DD344071F370F84006A1EEC /* Sources */ = {
			isa = PBXSourcesBuildPhase;
			buildActionMask = 2147483647;
			files = (
				5DD344101F370F84006A1EEC /* KOCacheFileManageDemoTests.m in Sources */,
			);
			runOnlyForDeploymentPostprocessing = 0;
		};
		5DD344121F370F84006A1EEC /* Sources */ = {
			isa = PBXSourcesBuildPhase;
			buildActionMask = 2147483647;
			files = (
				5DD3441B1F370F84006A1EEC /* KOCacheFileManageDemoUITests.m in Sources */,
			);
			runOnlyForDeploymentPostprocessing = 0;
		};
/* End PBXSourcesBuildPhase section */

/* Begin PBXTargetDependency section */
		5DD3440D1F370F84006A1EEC /* PBXTargetDependency */ = {
			isa = PBXTargetDependency;
			target = 5DD343F11F370F83006A1EEC /* KOCacheFileManageDemo */;
			targetProxy = 5DD3440C1F370F84006A1EEC /* PBXContainerItemProxy */;
		};
		5DD344181F370F84006A1EEC /* PBXTargetDependency */ = {
			isa = PBXTargetDependency;
			target = 5DD343F11F370F83006A1EEC /* KOCacheFileManageDemo */;
			targetProxy = 5DD344171F370F84006A1EEC /* PBXContainerItemProxy */;
		};
/* End PBXTargetDependency section */

/* Begin PBXVariantGroup section */
		5DD343FE1F370F84006A1EEC /* Main.storyboard */ = {
			isa = PBXVariantGroup;
			children = (
				5DD343FF1F370F84006A1EEC /* Base */,
			);
			name = Main.storyboard;
			sourceTree = "<group>";
		};
		5DD344031F370F84006A1EEC /* LaunchScreen.storyboard */ = {
			isa = PBXVariantGroup;
			children = (
				5DD344041F370F84006A1EEC /* Base */,
			);
			name = LaunchScreen.storyboard;
			sourceTree = "<group>";
		};
/* End PBXVariantGroup section */

/* Begin XCBuildConfiguration section */
		5DD3441D1F370F84006A1EEC /* Debug */ = {
			isa = XCBuildConfiguration;
			buildSettings = {
				ALWAYS_SEARCH_USER_PATHS = NO;
				CLANG_ANALYZER_NONNULL = YES;
				CLANG_ANALYZER_NUMBER_OBJECT_CONVERSION = YES_AGGRESSIVE;
				CLANG_CXX_LANGUAGE_STANDARD = "gnu++0x";
				CLANG_CXX_LIBRARY = "libc++";
				CLANG_ENABLE_MODULES = YES;
				CLANG_ENABLE_OBJC_ARC = YES;
				CLANG_WARN_BOOL_CONVERSION = YES;
				CLANG_WARN_CONSTANT_CONVERSION = YES;
				CLANG_WARN_DIRECT_OBJC_ISA_USAGE = YES_ERROR;
				CLANG_WARN_DOCUMENTATION_COMMENTS = YES;
				CLANG_WARN_EMPTY_BODY = YES;
				CLANG_WARN_ENUM_CONVERSION = YES;
				CLANG_WARN_INFINITE_RECURSION = YES;
				CLANG_WARN_INT_CONVERSION = YES;
				CLANG_WARN_OBJC_ROOT_CLASS = YES_ERROR;
				CLANG_WARN_SUSPICIOUS_MOVE = YES;
				CLANG_WARN_UNREACHABLE_CODE = YES;
				CLANG_WARN__DUPLICATE_METHOD_MATCH = YES;
				"CODE_SIGN_IDENTITY[sdk=iphoneos*]" = "iPhone Developer";
				COPY_PHASE_STRIP = NO;
				DEBUG_INFORMATION_FORMAT = dwarf;
				ENABLE_STRICT_OBJC_MSGSEND = YES;
				ENABLE_TESTABILITY = YES;
				GCC_C_LANGUAGE_STANDARD = gnu99;
				GCC_DYNAMIC_NO_PIC = NO;
				GCC_NO_COMMON_BLOCKS = YES;
				GCC_OPTIMIZATION_LEVEL = 0;
				GCC_PREPROCESSOR_DEFINITIONS = (
					"DEBUG=1",
					"$(inherited)",
				);
				GCC_WARN_64_TO_32_BIT_CONVERSION = YES;
				GCC_WARN_ABOUT_RETURN_TYPE = YES_ERROR;
				GCC_WARN_UNDECLARED_SELECTOR = YES;
				GCC_WARN_UNINITIALIZED_AUTOS = YES_AGGRESSIVE;
				GCC_WARN_UNUSED_FUNCTION = YES;
				GCC_WARN_UNUSED_VARIABLE = YES;
				IPHONEOS_DEPLOYMENT_TARGET = 10.3;
				MTL_ENABLE_DEBUG_INFO = YES;
				ONLY_ACTIVE_ARCH = YES;
				SDKROOT = iphoneos;
			};
			name = Debug;
		};
		5DD3441E1F370F84006A1EEC /* Release */ = {
			isa = XCBuildConfiguration;
			buildSettings = {
				ALWAYS_SEARCH_USER_PATHS = NO;
				CLANG_ANALYZER_NONNULL = YES;
				CLANG_ANALYZER_NUMBER_OBJECT_CONVERSION = YES_AGGRESSIVE;
				CLANG_CXX_LANGUAGE_STANDARD = "gnu++0x";
				CLANG_CXX_LIBRARY = "libc++";
				CLANG_ENABLE_MODULES = YES;
				CLANG_ENABLE_OBJC_ARC = YES;
				CLANG_WARN_BOOL_CONVERSION = YES;
				CLANG_WARN_CONSTANT_CONVERSION = YES;
				CLANG_WARN_DIRECT_OBJC_ISA_USAGE = YES_ERROR;
				CLANG_WARN_DOCUMENTATION_COMMENTS = YES;
				CLANG_WARN_EMPTY_BODY = YES;
				CLANG_WARN_ENUM_CONVERSION = YES;
				CLANG_WARN_INFINITE_RECURSION = YES;
				CLANG_WARN_INT_CONVERSION = YES;
				CLANG_WARN_OBJC_ROOT_CLASS = YES_ERROR;
				CLANG_WARN_SUSPICIOUS_MOVE = YES;
				CLANG_WARN_UNREACHABLE_CODE = YES;
				CLANG_WARN__DUPLICATE_METHOD_MATCH = YES;
				"CODE_SIGN_IDENTITY[sdk=iphoneos*]" = "iPhone Developer";
				COPY_PHASE_STRIP = NO;
				DEBUG_INFORMATION_FORMAT = "dwarf-with-dsym";
				ENABLE_NS_ASSERTIONS = NO;
				ENABLE_STRICT_OBJC_MSGSEND = YES;
				GCC_C_LANGUAGE_STANDARD = gnu99;
				GCC_NO_COMMON_BLOCKS = YES;
				GCC_WARN_64_TO_32_BIT_CONVERSION = YES;
				GCC_WARN_ABOUT_RETURN_TYPE = YES_ERROR;
				GCC_WARN_UNDECLARED_SELECTOR = YES;
				GCC_WARN_UNINITIALIZED_AUTOS = YES_AGGRESSIVE;
				GCC_WARN_UNUSED_FUNCTION = YES;
				GCC_WARN_UNUSED_VARIABLE = YES;
				IPHONEOS_DEPLOYMENT_TARGET = 10.3;
				MTL_ENABLE_DEBUG_INFO = NO;
				SDKROOT = iphoneos;
				VALIDATE_PRODUCT = YES;
			};
			name = Release;
		};
		5DD344201F370F84006A1EEC /* Debug */ = {
			isa = XCBuildConfiguration;
			buildSettings = {
				ASSETCATALOG_COMPILER_APPICON_NAME = AppIcon;
				INFOPLIST_FILE = KOCacheFileManageDemo/Info.plist;
				LD_RUNPATH_SEARCH_PATHS = "$(inherited) @executable_path/Frameworks";
				PRODUCT_BUNDLE_IDENTIFIER = com.Korune.KOCacheFileManageDemo;
				PRODUCT_NAME = "$(TARGET_NAME)";
			};
			name = Debug;
		};
		5DD344211F370F84006A1EEC /* Release */ = {
			isa = XCBuildConfiguration;
			buildSettings = {
				ASSETCATALOG_COMPILER_APPICON_NAME = AppIcon;
				INFOPLIST_FILE = KOCacheFileManageDemo/Info.plist;
				LD_RUNPATH_SEARCH_PATHS = "$(inherited) @executable_path/Frameworks";
				PRODUCT_BUNDLE_IDENTIFIER = com.Korune.KOCacheFileManageDemo;
				PRODUCT_NAME = "$(TARGET_NAME)";
			};
			name = Release;
		};
		5DD344231F370F84006A1EEC /* Debug */ = {
			isa = XCBuildConfiguration;
			buildSettings = {
				BUNDLE_LOADER = "$(TEST_HOST)";
				INFOPLIST_FILE = KOCacheFileManageDemoTests/Info.plist;
				LD_RUNPATH_SEARCH_PATHS = "$(inherited) @executable_path/Frameworks @loader_path/Frameworks";
				PRODUCT_BUNDLE_IDENTIFIER = com.Korune.KOCacheFileManageDemoTests;
				PRODUCT_NAME = "$(TARGET_NAME)";
				TEST_HOST = "$(BUILT_PRODUCTS_DIR)/KOCacheFileManageDemo.app/KOCacheFileManageDemo";
			};
			name = Debug;
		};
		5DD344241F370F84006A1EEC /* Release */ = {
			isa = XCBuildConfiguration;
			buildSettings = {
				BUNDLE_LOADER = "$(TEST_HOST)";
				INFOPLIST_FILE = KOCacheFileManageDemoTests/Info.plist;
				LD_RUNPATH_SEARCH_PATHS = "$(inherited) @executable_path/Frameworks @loader_path/Frameworks";
				PRODUCT_BUNDLE_IDENTIFIER = com.Korune.KOCacheFileManageDemoTests;
				PRODUCT_NAME = "$(TARGET_NAME)";
				TEST_HOST = "$(BUILT_PRODUCTS_DIR)/KOCacheFileManageDemo.app/KOCacheFileManageDemo";
			};
			name = Release;
		};
		5DD344261F370F84006A1EEC /* Debug */ = {
			isa = XCBuildConfiguration;
			buildSettings = {
				INFOPLIST_FILE = KOCacheFileManageDemoUITests/Info.plist;
				LD_RUNPATH_SEARCH_PATHS = "$(inherited) @executable_path/Frameworks @loader_path/Frameworks";
				PRODUCT_BUNDLE_IDENTIFIER = com.Korune.KOCacheFileManageDemoUITests;
				PRODUCT_NAME = "$(TARGET_NAME)";
				TEST_TARGET_NAME = KOCacheFileManageDemo;
			};
			name = Debug;
		};
		5DD344271F370F84006A1EEC /* Release */ = {
			isa = XCBuildConfiguration;
			buildSettings = {
				INFOPLIST_FILE = KOCacheFileManageDemoUITests/Info.plist;
				LD_RUNPATH_SEARCH_PATHS = "$(inherited) @executable_path/Frameworks @loader_path/Frameworks";
				PRODUCT_BUNDLE_IDENTIFIER = com.Korune.KOCacheFileManageDemoUITests;
				PRODUCT_NAME = "$(TARGET_NAME)";
				TEST_TARGET_NAME = KOCacheFileManageDemo;
			};
			name = Release;
		};
/* End XCBuildConfiguration section */

/* Begin XCConfigurationList section */
		5DD343ED1F370F83006A1EEC /* Build configuration list for PBXProject "KOCacheFileManageDemo" */ = {
			isa = XCConfigurationList;
			buildConfigurations = (
				5DD3441D1F370F84006A1EEC /* Debug */,
				5DD3441E1F370F84006A1EEC /* Release */,
			);
			defaultConfigurationIsVisible = 0;
			defaultConfigurationName = Release;
		};
		5DD3441F1F370F84006A1EEC /* Build configuration list for PBXNativeTarget "KOCacheFileManageDemo" */ = {
			isa = XCConfigurationList;
			buildConfigurations = (
				5DD344201F370F84006A1EEC /* Debug */,
				5DD344211F370F84006A1EEC /* Release */,
			);
			defaultConfigurationIsVisible = 0;
			defaultConfigurationName = Release;
		};
		5DD344221F370F84006A1EEC /* Build configuration list for PBXNativeTarget "KOCacheFileManageDemoTests" */ = {
			isa = XCConfigurationList;
			buildConfigurations = (
				5DD344231F370F84006A1EEC /* Debug */,
				5DD344241F370F84006A1EEC /* Release */,
			);
			defaultConfigurationIsVisible = 0;
			defaultConfigurationName = Release;
		};
		5DD344251F370F84006A1EEC /* Build configuration list for PBXNativeTarget "KOCacheFileManageDemoUITests" */ = {
			isa = XCConfigurationList;
			buildConfigurations = (
				5DD344261F370F84006A1EEC /* Debug */,
				5DD344271F370F84006A1EEC /* Release */,
			);
			defaultConfigurationIsVisible = 0;
			defaultConfigurationName = Release;
		};
/* End XCConfigurationList section */
	};
	rootObject = 5DD343EA1F370F83006A1EEC /* Project object */;
}
